
Microsoft Visual Studio Solution File, Format Version 9.00
# Visual Studio 2005
Project("{8BC9CEB8-8B4A-11D0-8D11-00A0C91BC942}") = "easyLog", "easyLog.vcproj", "{0977D792-A44D-4FD3-81B7-5B10B9C5511A}"
EndProject
Global
	GlobalSection(SolutionConfigurationPlatforms) = preSolution
		Debug|Win32 = Debug|Win32
		Release|Win32 = Release|Win32
	EndGlobalSection
	GlobalSection(ProjectConfigurationPlatforms) = postSolution
		{0977D792-A44D-4FD3-81B7-5B10B9C5511A}.Debug|Win32.ActiveCfg = Debug|Win32
		{0977D792-A44D-4FD3-81B7-5B10B9C5511A}.Debug|Win32.Build.0 = Debug|Win32
		{0977D792-A44D-4FD3-81B7-5B10B9C5511A}.Release|Win32.ActiveCfg = Release|Win32
		{0977D792-A44D-4FD3-81B7-5B10B9C5511A}.Release|Win32.Build.0 = Release|Win32
	EndGlobalSection
	GlobalSection(SolutionProperties) = preSolution
		HideSolutionNode = FALSE
	EndGlobalSection
EndGlobal
